
Microsoft Visual Studio Solution File, Format Version 12.00
# Visual Studio 15
VisualStudioVersion = 15.0.28010.2036
MinimumVisualStudioVersion = 10.0.40219.1
Project("{8BC9CEB8-8B4A-11D0-8D11-00A0C91BC942}") = "JohnsonDaniel_HW3_3_Implementation", "JohnsonDaniel_HW3_3_Implementation\JohnsonDaniel_HW3_3_Implementation.vcxproj", "{308C827A-67DB-46FB-82B2-87E5AFE66595}"
EndProject
Global
	GlobalSection(SolutionConfigurationPlatforms) = preSolution
		Debug|x64 = Debug|x64
		Debug|x86 = Debug|x86
		Release|x64 = Release|x64
		Release|x86 = Release|x86
	EndGlobalSection
	GlobalSection(ProjectConfigurationPlatforms) = postSolution
		{308C827A-67DB-46FB-82B2-87E5AFE66595}.Debug|x64.ActiveCfg = Debug|x64
		{308C827A-67DB-46FB-82B2-87E5AFE66595}.Debug|x64.Build.0 = Debug|x64
		{308C827A-67DB-46FB-82B2-87E5AFE66595}.Debug|x86.ActiveCfg = Debug|Win32
		{308C827A-67DB-46FB-82B2-87E5AFE66595}.Debug|x86.Build.0 = Debug|Win32
		{308C827A-67DB-46FB-82B2-87E5AFE66595}.Release|x64.ActiveCfg = Release|x64
		{308C827A-67DB-46FB-82B2-87E5AFE66595}.Release|x64.Build.0 = Release|x64
		{308C827A-67DB-46FB-82B2-87E5AFE66595}.Release|x86.ActiveCfg = Release|Win32
		{308C827A-67DB-46FB-82B2-87E5AFE66595}.Release|x86.Build.0 = Release|Win32
	EndGlobalSection
	GlobalSection(SolutionProperties) = preSolution
		HideSolutionNode = FALSE
	EndGlobalSection
	GlobalSection(ExtensibilityGlobals) = postSolution
		SolutionGuid = {C7398474-741A-41F3-A886-EBAAE0EFACEB}
	EndGlobalSection
EndGlobal
